
Microsoft Visual Studio Solution File, Format Version 12.00
# Visual Studio Version 17
VisualStudioVersion = 17.0.31903.59
MinimumVisualStudioVersion = 10.0.40219.1
Project("{2150E333-8FDC-42A3-9474-1A3956D46DE8}") = "src", "src", "{0F9E41E4-C85B-47FA-994F-36B1D1DD45BB}"
EndProject
Project("{FAE04EC0-301F-11D3-BF4B-00C04F79EFBC}") = "S2P.Agent.Core", "src\S2P.Agent.Core\S2P.Agent.Core.csproj", "{8252CA99-9B7E-4572-9E1C-896F89B8F021}"
EndProject
Project("{FAE04EC0-301F-11D3-BF4B-00C04F79EFBC}") = "S2P.Agent.Worker", "src\S2P.Agent.Worker\S2P.Agent.Worker.csproj", "{FDAEFFF1-EFCD-42F5-BC6B-7F7D44E6E1A8}"
EndProject
Project("{2150E333-8FDC-42A3-9474-1A3956D46DE8}") = "tests", "tests", "{F7F7D7C3-B4A8-42BA-BDCD-9EC2AAE67922}"
EndProject
Project("{FAE04EC0-301F-11D3-BF4B-00C04F79EFBC}") = "S2P.Agent.Tests", "tests\S2P.Agent.Tests\S2P.Agent.Tests.csproj", "{BA376AD4-F042-4523-A733-5591B8A391F2}"
EndProject
Global
	GlobalSection(SolutionConfigurationPlatforms) = preSolution
		Debug|Any CPU = Debug|Any CPU
		Release|Any CPU = Release|Any CPU
	EndGlobalSection
	GlobalSection(SolutionProperties) = preSolution
		HideSolutionNode = FALSE
	EndGlobalSection
	GlobalSection(ProjectConfigurationPlatforms) = postSolution
		{8252CA99-9B7E-4572-9E1C-896F89B8F021}.Debug|Any CPU.ActiveCfg = Debug|Any CPU
		{8252CA99-9B7E-4572-9E1C-896F89B8F021}.Debug|Any CPU.Build.0 = Debug|Any CPU
		{8252CA99-9B7E-4572-9E1C-896F89B8F021}.Release|Any CPU.ActiveCfg = Release|Any CPU
		{8252CA99-9B7E-4572-9E1C-896F89B8F021}.Release|Any CPU.Build.0 = Release|Any CPU
		{FDAEFFF1-EFCD-42F5-BC6B-7F7D44E6E1A8}.Debug|Any CPU.ActiveCfg = Debug|Any CPU
		{FDAEFFF1-EFCD-42F5-BC6B-7F7D44E6E1A8}.Debug|Any CPU.Build.0 = Debug|Any CPU
		{FDAEFFF1-EFCD-42F5-BC6B-7F7D44E6E1A8}.Release|Any CPU.ActiveCfg = Release|Any CPU
		{FDAEFFF1-EFCD-42F5-BC6B-7F7D44E6E1A8}.Release|Any CPU.Build.0 = Release|Any CPU
		{BA376AD4-F042-4523-A733-5591B8A391F2}.Debug|Any CPU.ActiveCfg = Debug|Any CPU
		{BA376AD4-F042-4523-A733-5591B8A391F2}.Debug|Any CPU.Build.0 = Debug|Any CPU
		{BA376AD4-F042-4523-A733-5591B8A391F2}.Release|Any CPU.ActiveCfg = Release|Any CPU
		{BA376AD4-F042-4523-A733-5591B8A391F2}.Release|Any CPU.Build.0 = Release|Any CPU
	EndGlobalSection
	GlobalSection(NestedProjects) = preSolution
		{8252CA99-9B7E-4572-9E1C-896F89B8F021} = {0F9E41E4-C85B-47FA-994F-36B1D1DD45BB}
		{FDAEFFF1-EFCD-42F5-BC6B-7F7D44E6E1A8} = {0F9E41E4-C85B-47FA-994F-36B1D1DD45BB}
		{BA376AD4-F042-4523-A733-5591B8A391F2} = {F7F7D7C3-B4A8-42BA-BDCD-9EC2AAE67922}
	EndGlobalSection
EndGlobal
